
Microsoft Visual Studio Solution File, Format Version 12.00
# Visual Studio 15
VisualStudioVersion = 15.0.28307.539
MinimumVisualStudioVersion = 10.0.40219.1
Project("{9A19103F-16F7-4668-BE54-9A1E7A4F7556}") = "Heroes", "Heroes.csproj", "{E5AFD4A3-8AD9-495C-9098-08D2E5F7671E}"
EndProject
Global
	GlobalSection(SolutionConfigurationPlatforms) = preSolution
		Debug|Any CPU = Debug|Any CPU
		Release|Any CPU = Release|Any CPU
	EndGlobalSection
	GlobalSection(ProjectConfigurationPlatforms) = postSolution
		{E5AFD4A3-8AD9-495C-9098-08D2E5F7671E}.Debug|Any CPU.ActiveCfg = Debug|Any CPU
		{E5AFD4A3-8AD9-495C-9098-08D2E5F7671E}.Debug|Any CPU.Build.0 = Debug|Any CPU
		{E5AFD4A3-8AD9-495C-9098-08D2E5F7671E}.Release|Any CPU.ActiveCfg = Release|Any CPU
		{E5AFD4A3-8AD9-495C-9098-08D2E5F7671E}.Release|Any CPU.Build.0 = Release|Any CPU
	EndGlobalSection
	GlobalSection(SolutionProperties) = preSolution
		HideSolutionNode = FALSE
	EndGlobalSection
	GlobalSection(ExtensibilityGlobals) = postSolution
		SolutionGuid = {BE6F434E-617C-4C1D-BF08-53E51284AF52}
	EndGlobalSection
EndGlobal
