
Microsoft Visual Studio Solution File, Format Version 12.00
# Visual Studio 15
VisualStudioVersion = 15.0.27130.2010
MinimumVisualStudioVersion = 10.0.40219.1
Project("{FAE04EC0-301F-11D3-BF4B-00C04F79EFBC}") = "TestingDependencyInjection", "TestingDependencyInjection\TestingDependencyInjection.csproj", "{1534D273-C375-487A-9F6D-61A6F0F4300C}"
EndProject
Project("{FAE04EC0-301F-11D3-BF4B-00C04F79EFBC}") = "CustomDependencyInjection", "CustomDependencyInjection\CustomDependencyInjection.csproj", "{008747FB-ADAD-4F04-BC34-7482440130C4}"
EndProject
Global
	GlobalSection(SolutionConfigurationPlatforms) = preSolution
		Debug|Any CPU = Debug|Any CPU
		Release|Any CPU = Release|Any CPU
	EndGlobalSection
	GlobalSection(ProjectConfigurationPlatforms) = postSolution
		{1534D273-C375-487A-9F6D-61A6F0F4300C}.Debug|Any CPU.ActiveCfg = Debug|Any CPU
		{1534D273-C375-487A-9F6D-61A6F0F4300C}.Debug|Any CPU.Build.0 = Debug|Any CPU
		{1534D273-C375-487A-9F6D-61A6F0F4300C}.Release|Any CPU.ActiveCfg = Release|Any CPU
		{1534D273-C375-487A-9F6D-61A6F0F4300C}.Release|Any CPU.Build.0 = Release|Any CPU
		{008747FB-ADAD-4F04-BC34-7482440130C4}.Debug|Any CPU.ActiveCfg = Debug|Any CPU
		{008747FB-ADAD-4F04-BC34-7482440130C4}.Debug|Any CPU.Build.0 = Debug|Any CPU
		{008747FB-ADAD-4F04-BC34-7482440130C4}.Release|Any CPU.ActiveCfg = Release|Any CPU
		{008747FB-ADAD-4F04-BC34-7482440130C4}.Release|Any CPU.Build.0 = Release|Any CPU
	EndGlobalSection
	GlobalSection(SolutionProperties) = preSolution
		HideSolutionNode = FALSE
	EndGlobalSection
	GlobalSection(ExtensibilityGlobals) = postSolution
		SolutionGuid = {91A719DF-AF14-4890-ABDC-A33776CC731B}
	EndGlobalSection
EndGlobal
