
Microsoft Visual Studio Solution File, Format Version 12.00
# Visual Studio 15
VisualStudioVersion = 15.0.27130.2010
MinimumVisualStudioVersion = 10.0.40219.1
Project("{FAE04EC0-301F-11D3-BF4B-00C04F79EFBC}") = "Problem1Database", "Problem1Database\Problem1Database.csproj", "{4E428B27-E70F-4DA6-883E-5A39C0E3B81F}"
EndProject
Project("{FAE04EC0-301F-11D3-BF4B-00C04F79EFBC}") = "Database.Tests", "Database.Tests\Database.Tests.csproj", "{39766804-C2DC-4C63-8981-1BAA7CCAEB68}"
EndProject
Project("{FAE04EC0-301F-11D3-BF4B-00C04F79EFBC}") = "Problem2ExtendedDatabase", "Problem2ExtendedDatabase\Problem2ExtendedDatabase.csproj", "{30A60C57-14C8-4435-B686-0325D8221387}"
EndProject
Global
	GlobalSection(SolutionConfigurationPlatforms) = preSolution
		Debug|Any CPU = Debug|Any CPU
		Release|Any CPU = Release|Any CPU
	EndGlobalSection
	GlobalSection(ProjectConfigurationPlatforms) = postSolution
		{4E428B27-E70F-4DA6-883E-5A39C0E3B81F}.Debug|Any CPU.ActiveCfg = Debug|Any CPU
		{4E428B27-E70F-4DA6-883E-5A39C0E3B81F}.Debug|Any CPU.Build.0 = Debug|Any CPU
		{4E428B27-E70F-4DA6-883E-5A39C0E3B81F}.Release|Any CPU.ActiveCfg = Release|Any CPU
		{4E428B27-E70F-4DA6-883E-5A39C0E3B81F}.Release|Any CPU.Build.0 = Release|Any CPU
		{39766804-C2DC-4C63-8981-1BAA7CCAEB68}.Debug|Any CPU.ActiveCfg = Debug|Any CPU
		{39766804-C2DC-4C63-8981-1BAA7CCAEB68}.Debug|Any CPU.Build.0 = Debug|Any CPU
		{39766804-C2DC-4C63-8981-1BAA7CCAEB68}.Release|Any CPU.ActiveCfg = Release|Any CPU
		{39766804-C2DC-4C63-8981-1BAA7CCAEB68}.Release|Any CPU.Build.0 = Release|Any CPU
		{30A60C57-14C8-4435-B686-0325D8221387}.Debug|Any CPU.ActiveCfg = Debug|Any CPU
		{30A60C57-14C8-4435-B686-0325D8221387}.Debug|Any CPU.Build.0 = Debug|Any CPU
		{30A60C57-14C8-4435-B686-0325D8221387}.Release|Any CPU.ActiveCfg = Release|Any CPU
		{30A60C57-14C8-4435-B686-0325D8221387}.Release|Any CPU.Build.0 = Release|Any CPU
	EndGlobalSection
	GlobalSection(SolutionProperties) = preSolution
		HideSolutionNode = FALSE
	EndGlobalSection
	GlobalSection(ExtensibilityGlobals) = postSolution
		SolutionGuid = {C3F18F02-27EC-42D2-BED2-8C2BEE95232E}
	EndGlobalSection
EndGlobal
